
Microsoft Visual Studio Solution File, Format Version 12.00
# Visual Studio Version 16
VisualStudioVersion = 16.0.30804.86
MinimumVisualStudioVersion = 10.0.40219.1
Project("{FAE04EC0-301F-11D3-BF4B-00C04F79EFBC}") = "JackboxModManager", "JackboxModManager.csproj", "{1976D2E2-5C3A-440B-8088-AA899153BDD0}"
EndProject
Global
	GlobalSection(SolutionConfigurationPlatforms) = preSolution
		Debug|Any CPU = Debug|Any CPU
		Release|Any CPU = Release|Any CPU
	EndGlobalSection
	GlobalSection(ProjectConfigurationPlatforms) = postSolution
		{1976D2E2-5C3A-440B-8088-AA899153BDD0}.Debug|Any CPU.ActiveCfg = Debug|Any CPU
		{1976D2E2-5C3A-440B-8088-AA899153BDD0}.Debug|Any CPU.Build.0 = Debug|Any CPU
		{1976D2E2-5C3A-440B-8088-AA899153BDD0}.Release|Any CPU.ActiveCfg = Release|Any CPU
		{1976D2E2-5C3A-440B-8088-AA899153BDD0}.Release|Any CPU.Build.0 = Release|Any CPU
	EndGlobalSection
	GlobalSection(SolutionProperties) = preSolution
		HideSolutionNode = FALSE
	EndGlobalSection
	GlobalSection(ExtensibilityGlobals) = postSolution
		SolutionGuid = {170F288B-4C29-43AE-9C74-FEA7F9D73D33}
	EndGlobalSection
EndGlobal
